Microsoft Visual Studio Solution File, Format Version 12.00
# Visual Studio Version 17
VisualStudioVersion = 17.5.2.0
MinimumVisualStudioVersion = 10.0.40219.1
Project("{FAE04EC0-301F-11D3-BF4B-00C04F79EFBC}") = "BSBSTN-BulkImport", "BSBSTN-BulkImport\BSBSTN-BulkImport.csproj", "{6AE49358-E945-267E-87F0-09DABF920710}"
EndProject
Global
	GlobalSection(SolutionConfigurationPlatforms) = preSolution
		Debug|Any CPU = Debug|Any CPU
		Release|Any CPU = Release|Any CPU
	EndGlobalSection
	GlobalSection(ProjectConfigurationPlatforms) = postSolution
		{6AE49358-E945-267E-87F0-09DABF920710}.Debug|Any CPU.ActiveCfg = Debug|Any CPU
		{6AE49358-E945-267E-87F0-09DABF920710}.Debug|Any CPU.Build.0 = Debug|Any CPU
		{6AE49358-E945-267E-87F0-09DABF920710}.Release|Any CPU.ActiveCfg = Release|Any CPU
		{6AE49358-E945-267E-87F0-09DABF920710}.Release|Any CPU.Build.0 = Release|Any CPU
	EndGlobalSection
	GlobalSection(SolutionProperties) = preSolution
		HideSolutionNode = FALSE
	EndGlobalSection
	GlobalSection(ExtensibilityGlobals) = postSolution
		SolutionGuid = {82D6DE37-E96C-4FD4-B69D-02480444D916}
	EndGlobalSection
EndGlobal
